{
  "name": "nexustalent-enterprise",
  "version": "1.0.0",
  "lockfileVersion": 3,
  "requires": true,
  "packages": {
    "": {
      "name": "nexustalent-enterprise",
      "version": "1.0.0",
      "license": "Proprietary",
      "dependencies": {
        "@fortawesome/fontawesome-free": "^6.5.1"
      },
      "devDependencies": {
        "eslint": "^8.57.0"
      }
    }
  }
}
