# This file is automatically generated by Poetry 1.8.2 and should be committed to version control.
[[package]]
name = "fastapi"
version = "0.110.0"
description = "FastAPI framework, high performance, easy to learn, fast to code, ready for production"
category = "main"
optional = false
python-versions = ">=3.8"

[[package]]
name = "uvicorn"
version = "0.28.0"
description = "The lightning-fast ASGI server."
category = "main"
optional = false
python-versions = ">=3.8"

[[package]]
name = "sqlalchemy"
version = "2.0.28"
description = "Database Abstraction Library"
category = "main"
optional = false
python-versions = ">=3.7"

[metadata]
lock-version = "2.0"
python-versions = "^3.10"
content-hash = "c89f53e34b9d038222956cf03e839e1a12e8412674e2ab9a4f4d2f8d389a421b"
